{
  "lockfile_version": "1",
  "packages": {
    "nox@latest": {
      "last_modified": "2024-02-26T19:46:43Z",
      "resolved": "github:NixOS/nixpkgs/548a86b335d7ecd8b57ec617781f5e652ab0c38e#nox",
      "source": "devbox-search",
      "version": "0.0.6",
      "systems": {
        "aarch64-darwin": {
          "store_path": "/nix/store/sg807386pqy47whq1vq9j35kbn2fj6ys-nox-0.0.6"
        },
        "aarch64-linux": {
          "store_path": "/nix/store/bbgdpkaymd1bzgy8xx8jiacrwcf7h6x3-nox-0.0.6"
        },
        "x86_64-darwin": {
          "store_path": "/nix/store/09xa1zznk78vscf28la8fg187a5y4j3a-nox-0.0.6"
        },
        "x86_64-linux": {
          "store_path": "/nix/store/ma9irmq7fk8nnr7p626am8a6mlwymgbz-nox-0.0.6"
        }
      }
    },
    "poetry@latest": {
      "last_modified": "2024-02-26T19:46:43Z",
      "plugin_version": "0.0.4",
      "resolved": "github:NixOS/nixpkgs/548a86b335d7ecd8b57ec617781f5e652ab0c38e#poetry",
      "source": "devbox-search",
      "version": "1.7.1",
      "systems": {
        "aarch64-darwin": {
          "store_path": "/nix/store/7d2mr3m7qha3i8bxd5mjb8nbh8igq1nb-python3.11-poetry-1.7.1"
        },
        "aarch64-linux": {
          "store_path": "/nix/store/9dv6lwqcc5ykkqma71b85b366fwx9nkz-python3.11-poetry-1.7.1"
        },
        "x86_64-darwin": {
          "store_path": "/nix/store/idx6rj229d87wxwdl3a1r7v4zd64xij2-python3.11-poetry-1.7.1"
        },
        "x86_64-linux": {
          "store_path": "/nix/store/fz138wnp8c6v50g9mypin45y4rax1wyg-python3.11-poetry-1.7.1"
        }
      }
    },
    "python310@latest": {
      "last_modified": "2024-02-26T19:46:43Z",
      "plugin_version": "0.0.3",
      "resolved": "github:NixOS/nixpkgs/548a86b335d7ecd8b57ec617781f5e652ab0c38e#python310",
      "source": "devbox-search",
      "version": "3.10.13",
      "systems": {
        "aarch64-darwin": {
          "store_path": "/nix/store/lxcbwhpylvcngx5k2wky62rdriwynw7m-python3-3.10.13"
        },
        "aarch64-linux": {
          "store_path": "/nix/store/4y6m8w5pc6fcj0jnl49q6zpkjl74iglp-python3-3.10.13"
        },
        "x86_64-darwin": {
          "store_path": "/nix/store/hjiq75b46gw3wzznx278indcrppji823-python3-3.10.13"
        },
        "x86_64-linux": {
          "store_path": "/nix/store/9x6kjq8z5dwcg145l7k2r5lvvb24kckp-python3-3.10.13"
        }
      }
    }
  }
}
